GIT
  remote: git://github.com/eventmachine/eventmachine.git
  revision: cbd3773636272c11447a8f9a81605bdcd42fe400
  specs:
    eventmachine (1.0.8)

GEM
  remote: https://rubygems.org/
  specs:
    adsf (1.1.1)
      rack (>= 1.0.0)
    builder (3.0.0)
    cri (2.0.2)
    daemons (1.1.5)
    foreman (0.57.0)
      thor (>= 0.13.6)
    mime-types (1.17.2)
    nanoc3 (3.2.4)
      cri (~> 2.0)
    rack (1.4.0)
    rack-contrib (1.1.0)
      rack (>= 0.9.1)
    rack-rewrite (1.2.1)
    rake (0.9.2.2)
    thin (1.3.1)
      daemons (>= 1.0.9)
      eventmachine (>= 0.12.6)
      rack (>= 1.0.0)
    thor (0.16.0)

PLATFORMS
  ruby

DEPENDENCIES
  adsf
  builder
  eventmachine!
  foreman
  mime-types
  nanoc3
  rack
  rack-contrib
  rack-rewrite
  rake
  thin

BUNDLED WITH
   1.11.2
